
Microsoft Visual Studio Solution File, Format Version 12.00
# Visual Studio Version 17
VisualStudioVersion = 17.5.002.0
MinimumVisualStudioVersion = 10.0.40219.1
Project("{9A19103F-16F7-4668-BE54-9A1E7A4F7556}") = "GuessTheNumber", "GuessTheNumber.csproj", "{FB336CB7-D01E-436B-AA85-4F5529E27324}"
EndProject
Global
	GlobalSection(SolutionConfigurationPlatforms) = preSolution
		Debug|Any CPU = Debug|Any CPU
		Release|Any CPU = Release|Any CPU
	EndGlobalSection
	GlobalSection(ProjectConfigurationPlatforms) = postSolution
		{FB336CB7-D01E-436B-AA85-4F5529E27324}.Debug|Any CPU.ActiveCfg = Debug|Any CPU
		{FB336CB7-D01E-436B-AA85-4F5529E27324}.Debug|Any CPU.Build.0 = Debug|Any CPU
		{FB336CB7-D01E-436B-AA85-4F5529E27324}.Release|Any CPU.ActiveCfg = Release|Any CPU
		{FB336CB7-D01E-436B-AA85-4F5529E27324}.Release|Any CPU.Build.0 = Release|Any CPU
	EndGlobalSection
	GlobalSection(SolutionProperties) = preSolution
		HideSolutionNode = FALSE
	EndGlobalSection
	GlobalSection(ExtensibilityGlobals) = postSolution
		SolutionGuid = {A1B57959-A7B8-4BA3-8E52-F5563C005457}
	EndGlobalSection
EndGlobal
